
Microsoft Visual Studio Solution File, Format Version 12.00
# Visual Studio Version 16
VisualStudioVersion = 25.0.1706.8
MinimumVisualStudioVersion = 10.0.40219.1
Project("{FAE04EC0-301F-11D3-BF4B-00C04F79EFBC}") = "DotNet7.ConsoleApp", "DotNet7.ConsoleApp\DotNet7.ConsoleApp.csproj", "{F8445C1E-6A09-4725-92CB-D81B17C9965C}"
EndProject
Global
	GlobalSection(SolutionConfigurationPlatforms) = preSolution
		Debug|Any CPU = Debug|Any CPU
		Release|Any CPU = Release|Any CPU
	EndGlobalSection
	GlobalSection(ProjectConfigurationPlatforms) = postSolution
		{F8445C1E-6A09-4725-92CB-D81B17C9965C}.Debug|Any CPU.ActiveCfg = Debug|Any CPU
		{F8445C1E-6A09-4725-92CB-D81B17C9965C}.Debug|Any CPU.Build.0 = Debug|Any CPU
		{F8445C1E-6A09-4725-92CB-D81B17C9965C}.Release|Any CPU.ActiveCfg = Release|Any CPU
		{F8445C1E-6A09-4725-92CB-D81B17C9965C}.Release|Any CPU.Build.0 = Release|Any CPU
	EndGlobalSection
	GlobalSection(SolutionProperties) = preSolution
		HideSolutionNode = FALSE
	EndGlobalSection
	GlobalSection(ExtensibilityGlobals) = postSolution
		SolutionGuid = {9F9AA17B-3C9D-40E0-BC8F-8FCCAA2667A5}
	EndGlobalSection
EndGlobal
